
Microsoft Visual Studio Solution File, Format Version 12.00
# Visual Studio Version 17
VisualStudioVersion = 17.1.32328.378
MinimumVisualStudioVersion = 10.0.40219.1
Project("{9A19103F-16F7-4668-BE54-9A1E7A4F7556}") = "MainClient", "TestTaskMeridian\MainClient.csproj", "{AD5209C8-7818-43E5-B54C-FDB04178164B}"
EndProject
Project("{9A19103F-16F7-4668-BE54-9A1E7A4F7556}") = "VerefiServer", "VerefiServer\VerefiServer.csproj", "{DB89A0AB-5678-4837-93CF-8AD703D11FE2}"
EndProject
Project("{9A19103F-16F7-4668-BE54-9A1E7A4F7556}") = "DataServer", "DataServer\DataServer.csproj", "{2ECFE4CB-4D5F-411D-803F-69F0682495A1}"
EndProject
Project("{FAE04EC0-301F-11D3-BF4B-00C04F79EFBC}") = "DataService", "DataService\DataService.csproj", "{8FDB39BC-B48E-46CD-8D5A-554D4EFFA338}"
EndProject
Project("{FAE04EC0-301F-11D3-BF4B-00C04F79EFBC}") = "VerifyService", "VerifyService\VerifyService.csproj", "{4FE83339-46BA-4F4D-8DB8-3A063FCF0FEF}"
EndProject
Global
	GlobalSection(SolutionConfigurationPlatforms) = preSolution
		Debug|Any CPU = Debug|Any CPU
		Release|Any CPU = Release|Any CPU
	EndGlobalSection
	GlobalSection(ProjectConfigurationPlatforms) = postSolution
		{AD5209C8-7818-43E5-B54C-FDB04178164B}.Debug|Any CPU.ActiveCfg = Debug|Any CPU
		{AD5209C8-7818-43E5-B54C-FDB04178164B}.Debug|Any CPU.Build.0 = Debug|Any CPU
		{AD5209C8-7818-43E5-B54C-FDB04178164B}.Release|Any CPU.ActiveCfg = Release|Any CPU
		{AD5209C8-7818-43E5-B54C-FDB04178164B}.Release|Any CPU.Build.0 = Release|Any CPU
		{DB89A0AB-5678-4837-93CF-8AD703D11FE2}.Debug|Any CPU.ActiveCfg = Debug|Any CPU
		{DB89A0AB-5678-4837-93CF-8AD703D11FE2}.Debug|Any CPU.Build.0 = Debug|Any CPU
		{DB89A0AB-5678-4837-93CF-8AD703D11FE2}.Release|Any CPU.ActiveCfg = Release|Any CPU
		{DB89A0AB-5678-4837-93CF-8AD703D11FE2}.Release|Any CPU.Build.0 = Release|Any CPU
		{2ECFE4CB-4D5F-411D-803F-69F0682495A1}.Debug|Any CPU.ActiveCfg = Debug|Any CPU
		{2ECFE4CB-4D5F-411D-803F-69F0682495A1}.Debug|Any CPU.Build.0 = Debug|Any CPU
		{2ECFE4CB-4D5F-411D-803F-69F0682495A1}.Release|Any CPU.ActiveCfg = Release|Any CPU
		{2ECFE4CB-4D5F-411D-803F-69F0682495A1}.Release|Any CPU.Build.0 = Release|Any CPU
		{8FDB39BC-B48E-46CD-8D5A-554D4EFFA338}.Debug|Any CPU.ActiveCfg = Debug|Any CPU
		{8FDB39BC-B48E-46CD-8D5A-554D4EFFA338}.Debug|Any CPU.Build.0 = Debug|Any CPU
		{8FDB39BC-B48E-46CD-8D5A-554D4EFFA338}.Release|Any CPU.ActiveCfg = Release|Any CPU
		{8FDB39BC-B48E-46CD-8D5A-554D4EFFA338}.Release|Any CPU.Build.0 = Release|Any CPU
		{4FE83339-46BA-4F4D-8DB8-3A063FCF0FEF}.Debug|Any CPU.ActiveCfg = Debug|Any CPU
		{4FE83339-46BA-4F4D-8DB8-3A063FCF0FEF}.Debug|Any CPU.Build.0 = Debug|Any CPU
		{4FE83339-46BA-4F4D-8DB8-3A063FCF0FEF}.Release|Any CPU.ActiveCfg = Release|Any CPU
		{4FE83339-46BA-4F4D-8DB8-3A063FCF0FEF}.Release|Any CPU.Build.0 = Release|Any CPU
	EndGlobalSection
	GlobalSection(SolutionProperties) = preSolution
		HideSolutionNode = FALSE
	EndGlobalSection
	GlobalSection(ExtensibilityGlobals) = postSolution
		SolutionGuid = {BD86BF04-D1F8-4625-A392-F8D12C88F7F2}
	EndGlobalSection
EndGlobal
